github.com/linnv/bufferlog v1.0.1 h1:DfpkP4clH+uGEctl1GvCm98VNS4QivFjrtPxy4KcmlM=
github.com/linnv/bufferlog v1.0.1/go.mod h1:LWIkiQ48KgsyPvhYbuLbpuG+PXQ62rMTP457GKvWVNg=
github.com/pkg/errors v0.8.1 h1:iURUrRGxPUNPdy5/HRSm+Yj6okJ6UtLINN0Q9M4+h3I=
github.com/pkg/errors v0.8.1/go.mod h1:bwawxfHBFNV+L2hUp1rHADufV3IMtnDRdf1r5NINEl0=
gopkg.in/natefinch/lumberjack.v2 v2.0.0 h1:1Lc07Kr7qY4U2YPouBjpCLxpiyxIVoxqXgkXLknAOE8=
gopkg.in/natefinch/lumberjack.v2 v2.0.0/go.mod h1:l0ndWWf7gzL7RNwBG7wST/UCcT4T24xpD6X8LsfU/+k=
